
Microsoft Visual Studio Solution File, Format Version 12.00
# Visual Studio Version 17
VisualStudioVersion = 17.0.31903.59
MinimumVisualStudioVersion = 10.0.40219.1
Project("{2150E333-8FDC-42A3-9474-1A3956D46DE8}") = "src", "src", "{827E0CD3-B72D-47B6-A68D-7590B98EB39B}"
EndProject
Project("{FAE04EC0-301F-11D3-BF4B-00C04F79EFBC}") = "PlayHouse", "src\PlayHouse\PlayHouse.csproj", "{7F02FBE1-B650-416D-A146-9E45351115E9}"
EndProject
Project("{2150E333-8FDC-42A3-9474-1A3956D46DE8}") = "connector", "connector", "{B50FFE52-722A-EC7E-6412-8DBEAD04E11F}"
EndProject
Project("{FAE04EC0-301F-11D3-BF4B-00C04F79EFBC}") = "PlayHouse.Connector", "connector\PlayHouse.Connector\PlayHouse.Connector.csproj", "{E4635BC6-7643-4A49-9CF3-8D13EFB10287}"
EndProject
Project("{2150E333-8FDC-42A3-9474-1A3956D46DE8}") = "tests", "tests", "{0AB3BF05-4346-4AA6-1389-037BE0695223}"
EndProject
Project("{2150E333-8FDC-42A3-9474-1A3956D46DE8}") = "benchmark_cs", "benchmark_cs", "{A1B2C3D4-E5F6-7890-ABCD-EF1234567890}"
EndProject
Project("{FAE04EC0-301F-11D3-BF4B-00C04F79EFBC}") = "PlayHouse.Tests.Unit", "tests\PlayHouse.Tests.Unit\PlayHouse.Tests.Unit.csproj", "{CA0985AF-46F9-4D0E-B7A1-392E700EA515}"
EndProject
Project("{FAE04EC0-301F-11D3-BF4B-00C04F79EFBC}") = "PlayHouse.Benchmark.Shared", "tests\benchmark_cs\PlayHouse.Benchmark.Shared\PlayHouse.Benchmark.Shared.csproj", "{6F3ABED8-EF8E-4DC9-9F1A-F9AA32C245D3}"
EndProject
Project("{FAE04EC0-301F-11D3-BF4B-00C04F79EFBC}") = "PlayHouse.Benchmark.Server", "tests\benchmark_cs\PlayHouse.Benchmark.Server\PlayHouse.Benchmark.Server.csproj", "{6894F835-74D0-4791-A62F-3F57047C956A}"
EndProject
Project("{FAE04EC0-301F-11D3-BF4B-00C04F79EFBC}") = "PlayHouse.Benchmark.Client", "tests\benchmark_cs\PlayHouse.Benchmark.Client\PlayHouse.Benchmark.Client.csproj", "{31D6A615-D22C-4C98-BD6E-4E14E8C5D9F3}"
EndProject
Project("{2150E333-8FDC-42A3-9474-1A3956D46DE8}") = "benchmark_ss", "benchmark_ss", "{BBF93851-B9DD-4379-B17C-251FA14E9034}"
EndProject
Project("{FAE04EC0-301F-11D3-BF4B-00C04F79EFBC}") = "PlayHouse.Benchmark.SS.Shared", "tests\benchmark_ss\PlayHouse.Benchmark.SS.Shared\PlayHouse.Benchmark.SS.Shared.csproj", "{280907F0-E075-408E-A9A0-DF0DCC3A723E}"
EndProject
Project("{FAE04EC0-301F-11D3-BF4B-00C04F79EFBC}") = "PlayHouse.Benchmark.SS.ApiServer", "tests\benchmark_ss\PlayHouse.Benchmark.SS.ApiServer\PlayHouse.Benchmark.SS.ApiServer.csproj", "{0179C930-8CB8-432E-9978-4D23F93E0B2E}"
EndProject
Project("{FAE04EC0-301F-11D3-BF4B-00C04F79EFBC}") = "PlayHouse.Benchmark.SS.PlayServer", "tests\benchmark_ss\PlayHouse.Benchmark.SS.PlayServer\PlayHouse.Benchmark.SS.PlayServer.csproj", "{7E47E686-332D-48E1-ADD9-DAAA46701A04}"
EndProject
Project("{FAE04EC0-301F-11D3-BF4B-00C04F79EFBC}") = "PlayHouse.Benchmark.SS.Client", "tests\benchmark_ss\PlayHouse.Benchmark.SS.Client\PlayHouse.Benchmark.SS.Client.csproj", "{95D7BD12-E07E-4DFA-BDDF-8E43C530E6FA}"
EndProject
Project("{2150E333-8FDC-42A3-9474-1A3956D46DE8}") = "verification", "verification", "{F2244621-56B7-43DD-BA5C-5ED73AC87155}"
EndProject
Project("{FAE04EC0-301F-11D3-BF4B-00C04F79EFBC}") = "PlayHouse.Verification.Shared", "tests\verification\PlayHouse.Verification.Shared\PlayHouse.Verification.Shared.csproj", "{DAB3BBF8-0A54-44A5-9D6A-8CE8E2D0CCAD}"
EndProject
Project("{FAE04EC0-301F-11D3-BF4B-00C04F79EFBC}") = "PlayHouse.Verification", "tests\verification\PlayHouse.Verification\PlayHouse.Verification.csproj", "{DF2DB2DB-46F9-4F96-B174-5A2E83C88157}"
EndProject
Global
	GlobalSection(SolutionConfigurationPlatforms) = preSolution
		Debug|Any CPU = Debug|Any CPU
		Debug|x64 = Debug|x64
		Debug|x86 = Debug|x86
		Release|Any CPU = Release|Any CPU
		Release|x64 = Release|x64
		Release|x86 = Release|x86
	EndGlobalSection
	GlobalSection(ProjectConfigurationPlatforms) = postSolution
		{7F02FBE1-B650-416D-A146-9E45351115E9}.Debug|Any CPU.ActiveCfg = Debug|Any CPU
		{7F02FBE1-B650-416D-A146-9E45351115E9}.Debug|Any CPU.Build.0 = Debug|Any CPU
		{7F02FBE1-B650-416D-A146-9E45351115E9}.Debug|x64.ActiveCfg = Debug|Any CPU
		{7F02FBE1-B650-416D-A146-9E45351115E9}.Debug|x64.Build.0 = Debug|Any CPU
		{7F02FBE1-B650-416D-A146-9E45351115E9}.Debug|x86.ActiveCfg = Debug|Any CPU
		{7F02FBE1-B650-416D-A146-9E45351115E9}.Debug|x86.Build.0 = Debug|Any CPU
		{7F02FBE1-B650-416D-A146-9E45351115E9}.Release|Any CPU.ActiveCfg = Release|Any CPU
		{7F02FBE1-B650-416D-A146-9E45351115E9}.Release|Any CPU.Build.0 = Release|Any CPU
		{7F02FBE1-B650-416D-A146-9E45351115E9}.Release|x64.ActiveCfg = Release|Any CPU
		{7F02FBE1-B650-416D-A146-9E45351115E9}.Release|x64.Build.0 = Release|Any CPU
		{7F02FBE1-B650-416D-A146-9E45351115E9}.Release|x86.ActiveCfg = Release|Any CPU
		{7F02FBE1-B650-416D-A146-9E45351115E9}.Release|x86.Build.0 = Release|Any CPU
		{E4635BC6-7643-4A49-9CF3-8D13EFB10287}.Debug|Any CPU.ActiveCfg = Debug|Any CPU
		{E4635BC6-7643-4A49-9CF3-8D13EFB10287}.Debug|Any CPU.Build.0 = Debug|Any CPU
		{E4635BC6-7643-4A49-9CF3-8D13EFB10287}.Debug|x64.ActiveCfg = Debug|Any CPU
		{E4635BC6-7643-4A49-9CF3-8D13EFB10287}.Debug|x64.Build.0 = Debug|Any CPU
		{E4635BC6-7643-4A49-9CF3-8D13EFB10287}.Debug|x86.ActiveCfg = Debug|Any CPU
		{E4635BC6-7643-4A49-9CF3-8D13EFB10287}.Debug|x86.Build.0 = Debug|Any CPU
		{E4635BC6-7643-4A49-9CF3-8D13EFB10287}.Release|Any CPU.ActiveCfg = Release|Any CPU
		{E4635BC6-7643-4A49-9CF3-8D13EFB10287}.Release|Any CPU.Build.0 = Release|Any CPU
		{E4635BC6-7643-4A49-9CF3-8D13EFB10287}.Release|x64.ActiveCfg = Release|Any CPU
		{E4635BC6-7643-4A49-9CF3-8D13EFB10287}.Release|x64.Build.0 = Release|Any CPU
		{E4635BC6-7643-4A49-9CF3-8D13EFB10287}.Release|x86.ActiveCfg = Release|Any CPU
		{E4635BC6-7643-4A49-9CF3-8D13EFB10287}.Release|x86.Build.0 = Release|Any CPU
		{CA0985AF-46F9-4D0E-B7A1-392E700EA515}.Debug|Any CPU.ActiveCfg = Debug|Any CPU
		{CA0985AF-46F9-4D0E-B7A1-392E700EA515}.Debug|Any CPU.Build.0 = Debug|Any CPU
		{CA0985AF-46F9-4D0E-B7A1-392E700EA515}.Debug|x64.ActiveCfg = Debug|Any CPU
		{CA0985AF-46F9-4D0E-B7A1-392E700EA515}.Debug|x64.Build.0 = Debug|Any CPU
		{CA0985AF-46F9-4D0E-B7A1-392E700EA515}.Debug|x86.ActiveCfg = Debug|Any CPU
		{CA0985AF-46F9-4D0E-B7A1-392E700EA515}.Debug|x86.Build.0 = Debug|Any CPU
		{CA0985AF-46F9-4D0E-B7A1-392E700EA515}.Release|Any CPU.ActiveCfg = Release|Any CPU
		{CA0985AF-46F9-4D0E-B7A1-392E700EA515}.Release|Any CPU.Build.0 = Release|Any CPU
		{CA0985AF-46F9-4D0E-B7A1-392E700EA515}.Release|x64.ActiveCfg = Release|Any CPU
		{CA0985AF-46F9-4D0E-B7A1-392E700EA515}.Release|x64.Build.0 = Release|Any CPU
		{CA0985AF-46F9-4D0E-B7A1-392E700EA515}.Release|x86.ActiveCfg = Release|Any CPU
		{CA0985AF-46F9-4D0E-B7A1-392E700EA515}.Release|x86.Build.0 = Release|Any CPU
		{6F3ABED8-EF8E-4DC9-9F1A-F9AA32C245D3}.Debug|Any CPU.ActiveCfg = Debug|Any CPU
		{6F3ABED8-EF8E-4DC9-9F1A-F9AA32C245D3}.Debug|Any CPU.Build.0 = Debug|Any CPU
		{6F3ABED8-EF8E-4DC9-9F1A-F9AA32C245D3}.Debug|x64.ActiveCfg = Debug|Any CPU
		{6F3ABED8-EF8E-4DC9-9F1A-F9AA32C245D3}.Debug|x64.Build.0 = Debug|Any CPU
		{6F3ABED8-EF8E-4DC9-9F1A-F9AA32C245D3}.Debug|x86.ActiveCfg = Debug|Any CPU
		{6F3ABED8-EF8E-4DC9-9F1A-F9AA32C245D3}.Debug|x86.Build.0 = Debug|Any CPU
		{6F3ABED8-EF8E-4DC9-9F1A-F9AA32C245D3}.Release|Any CPU.ActiveCfg = Release|Any CPU
		{6F3ABED8-EF8E-4DC9-9F1A-F9AA32C245D3}.Release|Any CPU.Build.0 = Release|Any CPU
		{6F3ABED8-EF8E-4DC9-9F1A-F9AA32C245D3}.Release|x64.ActiveCfg = Release|Any CPU
		{6F3ABED8-EF8E-4DC9-9F1A-F9AA32C245D3}.Release|x64.Build.0 = Release|Any CPU
		{6F3ABED8-EF8E-4DC9-9F1A-F9AA32C245D3}.Release|x86.ActiveCfg = Release|Any CPU
		{6F3ABED8-EF8E-4DC9-9F1A-F9AA32C245D3}.Release|x86.Build.0 = Release|Any CPU
		{6894F835-74D0-4791-A62F-3F57047C956A}.Debug|Any CPU.ActiveCfg = Debug|Any CPU
		{6894F835-74D0-4791-A62F-3F57047C956A}.Debug|Any CPU.Build.0 = Debug|Any CPU
		{6894F835-74D0-4791-A62F-3F57047C956A}.Debug|x64.ActiveCfg = Debug|Any CPU
		{6894F835-74D0-4791-A62F-3F57047C956A}.Debug|x64.Build.0 = Debug|Any CPU
		{6894F835-74D0-4791-A62F-3F57047C956A}.Debug|x86.ActiveCfg = Debug|Any CPU
		{6894F835-74D0-4791-A62F-3F57047C956A}.Debug|x86.Build.0 = Debug|Any CPU
		{6894F835-74D0-4791-A62F-3F57047C956A}.Release|Any CPU.ActiveCfg = Release|Any CPU
		{6894F835-74D0-4791-A62F-3F57047C956A}.Release|Any CPU.Build.0 = Release|Any CPU
		{6894F835-74D0-4791-A62F-3F57047C956A}.Release|x64.ActiveCfg = Release|Any CPU
		{6894F835-74D0-4791-A62F-3F57047C956A}.Release|x64.Build.0 = Release|Any CPU
		{6894F835-74D0-4791-A62F-3F57047C956A}.Release|x86.ActiveCfg = Release|Any CPU
		{6894F835-74D0-4791-A62F-3F57047C956A}.Release|x86.Build.0 = Release|Any CPU
		{31D6A615-D22C-4C98-BD6E-4E14E8C5D9F3}.Debug|Any CPU.ActiveCfg = Debug|Any CPU
		{31D6A615-D22C-4C98-BD6E-4E14E8C5D9F3}.Debug|Any CPU.Build.0 = Debug|Any CPU
		{31D6A615-D22C-4C98-BD6E-4E14E8C5D9F3}.Debug|x64.ActiveCfg = Debug|Any CPU
		{31D6A615-D22C-4C98-BD6E-4E14E8C5D9F3}.Debug|x64.Build.0 = Debug|Any CPU
		{31D6A615-D22C-4C98-BD6E-4E14E8C5D9F3}.Debug|x86.ActiveCfg = Debug|Any CPU
		{31D6A615-D22C-4C98-BD6E-4E14E8C5D9F3}.Debug|x86.Build.0 = Debug|Any CPU
		{31D6A615-D22C-4C98-BD6E-4E14E8C5D9F3}.Release|Any CPU.ActiveCfg = Release|Any CPU
		{31D6A615-D22C-4C98-BD6E-4E14E8C5D9F3}.Release|Any CPU.Build.0 = Release|Any CPU
		{31D6A615-D22C-4C98-BD6E-4E14E8C5D9F3}.Release|x64.ActiveCfg = Release|Any CPU
		{31D6A615-D22C-4C98-BD6E-4E14E8C5D9F3}.Release|x64.Build.0 = Release|Any CPU
		{31D6A615-D22C-4C98-BD6E-4E14E8C5D9F3}.Release|x86.ActiveCfg = Release|Any CPU
		{31D6A615-D22C-4C98-BD6E-4E14E8C5D9F3}.Release|x86.Build.0 = Release|Any CPU
		{280907F0-E075-408E-A9A0-DF0DCC3A723E}.Debug|Any CPU.ActiveCfg = Debug|Any CPU
		{280907F0-E075-408E-A9A0-DF0DCC3A723E}.Debug|Any CPU.Build.0 = Debug|Any CPU
		{280907F0-E075-408E-A9A0-DF0DCC3A723E}.Debug|x64.ActiveCfg = Debug|Any CPU
		{280907F0-E075-408E-A9A0-DF0DCC3A723E}.Debug|x64.Build.0 = Debug|Any CPU
		{280907F0-E075-408E-A9A0-DF0DCC3A723E}.Debug|x86.ActiveCfg = Debug|Any CPU
		{280907F0-E075-408E-A9A0-DF0DCC3A723E}.Debug|x86.Build.0 = Debug|Any CPU
		{280907F0-E075-408E-A9A0-DF0DCC3A723E}.Release|Any CPU.ActiveCfg = Release|Any CPU
		{280907F0-E075-408E-A9A0-DF0DCC3A723E}.Release|Any CPU.Build.0 = Release|Any CPU
		{280907F0-E075-408E-A9A0-DF0DCC3A723E}.Release|x64.ActiveCfg = Release|Any CPU
		{280907F0-E075-408E-A9A0-DF0DCC3A723E}.Release|x64.Build.0 = Release|Any CPU
		{280907F0-E075-408E-A9A0-DF0DCC3A723E}.Release|x86.ActiveCfg = Release|Any CPU
		{280907F0-E075-408E-A9A0-DF0DCC3A723E}.Release|x86.Build.0 = Release|Any CPU
		{0179C930-8CB8-432E-9978-4D23F93E0B2E}.Debug|Any CPU.ActiveCfg = Debug|Any CPU
		{0179C930-8CB8-432E-9978-4D23F93E0B2E}.Debug|Any CPU.Build.0 = Debug|Any CPU
		{0179C930-8CB8-432E-9978-4D23F93E0B2E}.Debug|x64.ActiveCfg = Debug|Any CPU
		{0179C930-8CB8-432E-9978-4D23F93E0B2E}.Debug|x64.Build.0 = Debug|Any CPU
		{0179C930-8CB8-432E-9978-4D23F93E0B2E}.Debug|x86.ActiveCfg = Debug|Any CPU
		{0179C930-8CB8-432E-9978-4D23F93E0B2E}.Debug|x86.Build.0 = Debug|Any CPU
		{0179C930-8CB8-432E-9978-4D23F93E0B2E}.Release|Any CPU.ActiveCfg = Release|Any CPU
		{0179C930-8CB8-432E-9978-4D23F93E0B2E}.Release|Any CPU.Build.0 = Release|Any CPU
		{0179C930-8CB8-432E-9978-4D23F93E0B2E}.Release|x64.ActiveCfg = Release|Any CPU
		{0179C930-8CB8-432E-9978-4D23F93E0B2E}.Release|x64.Build.0 = Release|Any CPU
		{0179C930-8CB8-432E-9978-4D23F93E0B2E}.Release|x86.ActiveCfg = Release|Any CPU
		{0179C930-8CB8-432E-9978-4D23F93E0B2E}.Release|x86.Build.0 = Release|Any CPU
		{7E47E686-332D-48E1-ADD9-DAAA46701A04}.Debug|Any CPU.ActiveCfg = Debug|Any CPU
		{7E47E686-332D-48E1-ADD9-DAAA46701A04}.Debug|Any CPU.Build.0 = Debug|Any CPU
		{7E47E686-332D-48E1-ADD9-DAAA46701A04}.Debug|x64.ActiveCfg = Debug|Any CPU
		{7E47E686-332D-48E1-ADD9-DAAA46701A04}.Debug|x64.Build.0 = Debug|Any CPU
		{7E47E686-332D-48E1-ADD9-DAAA46701A04}.Debug|x86.ActiveCfg = Debug|Any CPU
		{7E47E686-332D-48E1-ADD9-DAAA46701A04}.Debug|x86.Build.0 = Debug|Any CPU
		{7E47E686-332D-48E1-ADD9-DAAA46701A04}.Release|Any CPU.ActiveCfg = Release|Any CPU
		{7E47E686-332D-48E1-ADD9-DAAA46701A04}.Release|Any CPU.Build.0 = Release|Any CPU
		{7E47E686-332D-48E1-ADD9-DAAA46701A04}.Release|x64.ActiveCfg = Release|Any CPU
		{7E47E686-332D-48E1-ADD9-DAAA46701A04}.Release|x64.Build.0 = Release|Any CPU
		{7E47E686-332D-48E1-ADD9-DAAA46701A04}.Release|x86.ActiveCfg = Release|Any CPU
		{7E47E686-332D-48E1-ADD9-DAAA46701A04}.Release|x86.Build.0 = Release|Any CPU
		{95D7BD12-E07E-4DFA-BDDF-8E43C530E6FA}.Debug|Any CPU.ActiveCfg = Debug|Any CPU
		{95D7BD12-E07E-4DFA-BDDF-8E43C530E6FA}.Debug|Any CPU.Build.0 = Debug|Any CPU
		{95D7BD12-E07E-4DFA-BDDF-8E43C530E6FA}.Debug|x64.ActiveCfg = Debug|Any CPU
		{95D7BD12-E07E-4DFA-BDDF-8E43C530E6FA}.Debug|x64.Build.0 = Debug|Any CPU
		{95D7BD12-E07E-4DFA-BDDF-8E43C530E6FA}.Debug|x86.ActiveCfg = Debug|Any CPU
		{95D7BD12-E07E-4DFA-BDDF-8E43C530E6FA}.Debug|x86.Build.0 = Debug|Any CPU
		{95D7BD12-E07E-4DFA-BDDF-8E43C530E6FA}.Release|Any CPU.ActiveCfg = Release|Any CPU
		{95D7BD12-E07E-4DFA-BDDF-8E43C530E6FA}.Release|Any CPU.Build.0 = Release|Any CPU
		{95D7BD12-E07E-4DFA-BDDF-8E43C530E6FA}.Release|x64.ActiveCfg = Release|Any CPU
		{95D7BD12-E07E-4DFA-BDDF-8E43C530E6FA}.Release|x64.Build.0 = Release|Any CPU
		{95D7BD12-E07E-4DFA-BDDF-8E43C530E6FA}.Release|x86.ActiveCfg = Release|Any CPU
		{95D7BD12-E07E-4DFA-BDDF-8E43C530E6FA}.Release|x86.Build.0 = Release|Any CPU
		{DAB3BBF8-0A54-44A5-9D6A-8CE8E2D0CCAD}.Debug|Any CPU.ActiveCfg = Debug|Any CPU
		{DAB3BBF8-0A54-44A5-9D6A-8CE8E2D0CCAD}.Debug|Any CPU.Build.0 = Debug|Any CPU
		{DAB3BBF8-0A54-44A5-9D6A-8CE8E2D0CCAD}.Debug|x64.ActiveCfg = Debug|Any CPU
		{DAB3BBF8-0A54-44A5-9D6A-8CE8E2D0CCAD}.Debug|x64.Build.0 = Debug|Any CPU
		{DAB3BBF8-0A54-44A5-9D6A-8CE8E2D0CCAD}.Debug|x86.ActiveCfg = Debug|Any CPU
		{DAB3BBF8-0A54-44A5-9D6A-8CE8E2D0CCAD}.Debug|x86.Build.0 = Debug|Any CPU
		{DAB3BBF8-0A54-44A5-9D6A-8CE8E2D0CCAD}.Release|Any CPU.ActiveCfg = Release|Any CPU
		{DAB3BBF8-0A54-44A5-9D6A-8CE8E2D0CCAD}.Release|Any CPU.Build.0 = Release|Any CPU
		{DAB3BBF8-0A54-44A5-9D6A-8CE8E2D0CCAD}.Release|x64.ActiveCfg = Release|Any CPU
		{DAB3BBF8-0A54-44A5-9D6A-8CE8E2D0CCAD}.Release|x64.Build.0 = Release|Any CPU
		{DAB3BBF8-0A54-44A5-9D6A-8CE8E2D0CCAD}.Release|x86.ActiveCfg = Release|Any CPU
		{DAB3BBF8-0A54-44A5-9D6A-8CE8E2D0CCAD}.Release|x86.Build.0 = Release|Any CPU
		{DF2DB2DB-46F9-4F96-B174-5A2E83C88157}.Debug|Any CPU.ActiveCfg = Debug|Any CPU
		{DF2DB2DB-46F9-4F96-B174-5A2E83C88157}.Debug|Any CPU.Build.0 = Debug|Any CPU
		{DF2DB2DB-46F9-4F96-B174-5A2E83C88157}.Debug|x64.ActiveCfg = Debug|Any CPU
		{DF2DB2DB-46F9-4F96-B174-5A2E83C88157}.Debug|x64.Build.0 = Debug|Any CPU
		{DF2DB2DB-46F9-4F96-B174-5A2E83C88157}.Debug|x86.ActiveCfg = Debug|Any CPU
		{DF2DB2DB-46F9-4F96-B174-5A2E83C88157}.Debug|x86.Build.0 = Debug|Any CPU
		{DF2DB2DB-46F9-4F96-B174-5A2E83C88157}.Release|Any CPU.ActiveCfg = Release|Any CPU
		{DF2DB2DB-46F9-4F96-B174-5A2E83C88157}.Release|Any CPU.Build.0 = Release|Any CPU
		{DF2DB2DB-46F9-4F96-B174-5A2E83C88157}.Release|x64.ActiveCfg = Release|Any CPU
		{DF2DB2DB-46F9-4F96-B174-5A2E83C88157}.Release|x64.Build.0 = Release|Any CPU
		{DF2DB2DB-46F9-4F96-B174-5A2E83C88157}.Release|x86.ActiveCfg = Release|Any CPU
		{DF2DB2DB-46F9-4F96-B174-5A2E83C88157}.Release|x86.Build.0 = Release|Any CPU
	EndGlobalSection
	GlobalSection(SolutionProperties) = preSolution
		HideSolutionNode = FALSE
	EndGlobalSection
	GlobalSection(NestedProjects) = preSolution
		{7F02FBE1-B650-416D-A146-9E45351115E9} = {827E0CD3-B72D-47B6-A68D-7590B98EB39B}
		{E4635BC6-7643-4A49-9CF3-8D13EFB10287} = {B50FFE52-722A-EC7E-6412-8DBEAD04E11F}
		{CA0985AF-46F9-4D0E-B7A1-392E700EA515} = {0AB3BF05-4346-4AA6-1389-037BE0695223}
		{A1B2C3D4-E5F6-7890-ABCD-EF1234567890} = {0AB3BF05-4346-4AA6-1389-037BE0695223}
		{6F3ABED8-EF8E-4DC9-9F1A-F9AA32C245D3} = {A1B2C3D4-E5F6-7890-ABCD-EF1234567890}
		{6894F835-74D0-4791-A62F-3F57047C956A} = {A1B2C3D4-E5F6-7890-ABCD-EF1234567890}
		{31D6A615-D22C-4C98-BD6E-4E14E8C5D9F3} = {A1B2C3D4-E5F6-7890-ABCD-EF1234567890}
		{BBF93851-B9DD-4379-B17C-251FA14E9034} = {0AB3BF05-4346-4AA6-1389-037BE0695223}
		{280907F0-E075-408E-A9A0-DF0DCC3A723E} = {BBF93851-B9DD-4379-B17C-251FA14E9034}
		{0179C930-8CB8-432E-9978-4D23F93E0B2E} = {BBF93851-B9DD-4379-B17C-251FA14E9034}
		{7E47E686-332D-48E1-ADD9-DAAA46701A04} = {BBF93851-B9DD-4379-B17C-251FA14E9034}
		{95D7BD12-E07E-4DFA-BDDF-8E43C530E6FA} = {BBF93851-B9DD-4379-B17C-251FA14E9034}
		{F2244621-56B7-43DD-BA5C-5ED73AC87155} = {0AB3BF05-4346-4AA6-1389-037BE0695223}
		{DAB3BBF8-0A54-44A5-9D6A-8CE8E2D0CCAD} = {F2244621-56B7-43DD-BA5C-5ED73AC87155}
		{DF2DB2DB-46F9-4F96-B174-5A2E83C88157} = {F2244621-56B7-43DD-BA5C-5ED73AC87155}
	EndGlobalSection
EndGlobal
