
Microsoft Visual Studio Solution File, Format Version 12.00
# Visual Studio Version 17
VisualStudioVersion = 17.0.31903.59
MinimumVisualStudioVersion = 10.0.40219.1
Project("{2150E333-8FDC-42A3-9474-1A3956D46DE8}") = "servers", "servers", "{53CE8651-AA23-4AE7-928D-3FF0E0BD465C}"
EndProject
Project("{2150E333-8FDC-42A3-9474-1A3956D46DE8}") = "dotnet", "dotnet", "{ED350926-6A15-4819-85C9-AC5F37537188}"
EndProject
Project("{2150E333-8FDC-42A3-9474-1A3956D46DE8}") = "src", "src", "{DF6A5A8B-B9B7-4CBD-93C1-EE5989B870BF}"
EndProject
Project("{FAE04EC0-301F-11D3-BF4B-00C04F79EFBC}") = "PlayHouse", "servers\dotnet\src\PlayHouse\PlayHouse.csproj", "{8E2E3779-EF4E-4D9A-84DA-817275883D6A}"
EndProject
Project("{2150E333-8FDC-42A3-9474-1A3956D46DE8}") = "connectors", "connectors", "{E5E1EFAE-0C95-402C-87E6-B6E96E9C4265}"
EndProject
Project("{FAE04EC0-301F-11D3-BF4B-00C04F79EFBC}") = "PlayHouse.Connector", "connectors\csharp\PlayHouse.Connector.csproj", "{921D91A4-C745-4445-A5B6-39D80716FE4E}"
EndProject
Project("{2150E333-8FDC-42A3-9474-1A3956D46DE8}") = "extensions", "extensions", "{E9DA4072-B037-4D0A-88B6-B300A6FE92B3}"
EndProject
Project("{FAE04EC0-301F-11D3-BF4B-00C04F79EFBC}") = "PlayHouse.Extensions.Proto", "servers\dotnet\extensions\PlayHouse.Extensions.Proto\PlayHouse.Extensions.Proto.csproj", "{4286FD23-5671-455A-9D15-FBABB2A925C3}"
EndProject
Project("{FAE04EC0-301F-11D3-BF4B-00C04F79EFBC}") = "PlayHouse.Extensions.Json", "servers\dotnet\extensions\PlayHouse.Extensions.Json\PlayHouse.Extensions.Json.csproj", "{53A0C32C-3807-4AF1-8A69-F5EE289345B0}"
EndProject
Project("{FAE04EC0-301F-11D3-BF4B-00C04F79EFBC}") = "PlayHouse.Extensions.MessagePack", "servers\dotnet\extensions\PlayHouse.Extensions.MessagePack\PlayHouse.Extensions.MessagePack.csproj", "{D0C4D6F3-65E9-49BB-A2C7-ADFBD151377A}"
EndProject
Project("{2150E333-8FDC-42A3-9474-1A3956D46DE8}") = "tests", "tests", "{01950EAB-E196-43E1-8D5D-CAE4DEA3FF2E}"
EndProject
Project("{2150E333-8FDC-42A3-9474-1A3956D46DE8}") = "unit", "unit", "{5107DEAB-C396-447F-BE94-0C7CA80E5820}"
EndProject
Project("{FAE04EC0-301F-11D3-BF4B-00C04F79EFBC}") = "PlayHouse.Unit", "servers\dotnet\tests\unit\PlayHouse.Unit\PlayHouse.Unit.csproj", "{D4240344-A463-4D13-A8B7-7BDED3347A24}"
EndProject
Project("{2150E333-8FDC-42A3-9474-1A3956D46DE8}") = "e2e", "e2e", "{9B5A1367-6141-4AC7-A70C-237F846B14DB}"
EndProject
Project("{FAE04EC0-301F-11D3-BF4B-00C04F79EFBC}") = "PlayHouse.E2E", "servers\dotnet\tests\e2e\PlayHouse.E2E\PlayHouse.E2E.csproj", "{E2440271-701A-4BA9-8EA6-39D58D5AFFC2}"
EndProject
Project("{FAE04EC0-301F-11D3-BF4B-00C04F79EFBC}") = "PlayHouse.E2E.Shared", "servers\dotnet\tests\e2e\PlayHouse.E2E.Shared\PlayHouse.E2E.Shared.csproj", "{FBC63D06-FFF0-4AAB-A1D9-054067EB7BB8}"
EndProject
Project("{2150E333-8FDC-42A3-9474-1A3956D46DE8}") = "benchmark", "benchmark", "{B3F73C70-3D33-4679-8F86-30F203EA9B74}"
EndProject
Project("{2150E333-8FDC-42A3-9474-1A3956D46DE8}") = "benchmark_cs", "benchmark_cs", "{F6FC678A-8881-474B-98CF-1340FFC105E3}"
EndProject
Project("{FAE04EC0-301F-11D3-BF4B-00C04F79EFBC}") = "PlayHouse.Benchmark.Client", "servers\dotnet\tests\benchmark\benchmark_cs\PlayHouse.Benchmark.Client\PlayHouse.Benchmark.Client.csproj", "{81CF24C9-B6FA-489A-AE39-2EB8CF451AA7}"
EndProject
Project("{FAE04EC0-301F-11D3-BF4B-00C04F79EFBC}") = "PlayHouse.Benchmark.Server", "servers\dotnet\tests\benchmark\benchmark_cs\PlayHouse.Benchmark.Server\PlayHouse.Benchmark.Server.csproj", "{52E4C491-4D19-4371-8F59-F30D32A581FB}"
EndProject
Project("{FAE04EC0-301F-11D3-BF4B-00C04F79EFBC}") = "PlayHouse.Benchmark.Shared", "servers\dotnet\tests\benchmark\benchmark_cs\PlayHouse.Benchmark.Shared\PlayHouse.Benchmark.Shared.csproj", "{8B000DA5-0313-49F4-ADB5-6C41FB10739E}"
EndProject
Project("{2150E333-8FDC-42A3-9474-1A3956D46DE8}") = "benchmark_ss", "benchmark_ss", "{160BD499-E7A0-4725-85DF-9A87E010D807}"
EndProject
Project("{FAE04EC0-301F-11D3-BF4B-00C04F79EFBC}") = "PlayHouse.Benchmark.SS.Client", "servers\dotnet\tests\benchmark\benchmark_ss\PlayHouse.Benchmark.SS.Client\PlayHouse.Benchmark.SS.Client.csproj", "{3D47DA48-FABF-48A6-9C0B-F461A05AB590}"
EndProject
Project("{FAE04EC0-301F-11D3-BF4B-00C04F79EFBC}") = "PlayHouse.Benchmark.SS.ApiServer", "servers\dotnet\tests\benchmark\benchmark_ss\PlayHouse.Benchmark.SS.ApiServer\PlayHouse.Benchmark.SS.ApiServer.csproj", "{9E14292B-DC58-4472-8386-0AA58D438B10}"
EndProject
Project("{FAE04EC0-301F-11D3-BF4B-00C04F79EFBC}") = "PlayHouse.Benchmark.SS.PlayServer", "servers\dotnet\tests\benchmark\benchmark_ss\PlayHouse.Benchmark.SS.PlayServer\PlayHouse.Benchmark.SS.PlayServer.csproj", "{491A435A-D27E-4286-85C9-3187637BA4BF}"
EndProject
Project("{FAE04EC0-301F-11D3-BF4B-00C04F79EFBC}") = "PlayHouse.Benchmark.SS.Shared", "servers\dotnet\tests\benchmark\benchmark_ss\PlayHouse.Benchmark.SS.Shared\PlayHouse.Benchmark.SS.Shared.csproj", "{3EC74789-24B4-4FC4-B94B-BBD198304EED}"
EndProject
Global
	GlobalSection(SolutionConfigurationPlatforms) = preSolution
		Debug|Any CPU = Debug|Any CPU
		Release|Any CPU = Release|Any CPU
	EndGlobalSection
	GlobalSection(SolutionProperties) = preSolution
		HideSolutionNode = FALSE
	EndGlobalSection
	GlobalSection(ProjectConfigurationPlatforms) = postSolution
		{8E2E3779-EF4E-4D9A-84DA-817275883D6A}.Debug|Any CPU.ActiveCfg = Debug|Any CPU
		{8E2E3779-EF4E-4D9A-84DA-817275883D6A}.Debug|Any CPU.Build.0 = Debug|Any CPU
		{8E2E3779-EF4E-4D9A-84DA-817275883D6A}.Release|Any CPU.ActiveCfg = Release|Any CPU
		{8E2E3779-EF4E-4D9A-84DA-817275883D6A}.Release|Any CPU.Build.0 = Release|Any CPU
		{921D91A4-C745-4445-A5B6-39D80716FE4E}.Debug|Any CPU.ActiveCfg = Debug|Any CPU
		{921D91A4-C745-4445-A5B6-39D80716FE4E}.Debug|Any CPU.Build.0 = Debug|Any CPU
		{921D91A4-C745-4445-A5B6-39D80716FE4E}.Release|Any CPU.ActiveCfg = Release|Any CPU
		{921D91A4-C745-4445-A5B6-39D80716FE4E}.Release|Any CPU.Build.0 = Release|Any CPU
		{4286FD23-5671-455A-9D15-FBABB2A925C3}.Debug|Any CPU.ActiveCfg = Debug|Any CPU
		{4286FD23-5671-455A-9D15-FBABB2A925C3}.Debug|Any CPU.Build.0 = Debug|Any CPU
		{4286FD23-5671-455A-9D15-FBABB2A925C3}.Release|Any CPU.ActiveCfg = Release|Any CPU
		{4286FD23-5671-455A-9D15-FBABB2A925C3}.Release|Any CPU.Build.0 = Release|Any CPU
		{53A0C32C-3807-4AF1-8A69-F5EE289345B0}.Debug|Any CPU.ActiveCfg = Debug|Any CPU
		{53A0C32C-3807-4AF1-8A69-F5EE289345B0}.Debug|Any CPU.Build.0 = Debug|Any CPU
		{53A0C32C-3807-4AF1-8A69-F5EE289345B0}.Release|Any CPU.ActiveCfg = Release|Any CPU
		{53A0C32C-3807-4AF1-8A69-F5EE289345B0}.Release|Any CPU.Build.0 = Release|Any CPU
		{D0C4D6F3-65E9-49BB-A2C7-ADFBD151377A}.Debug|Any CPU.ActiveCfg = Debug|Any CPU
		{D0C4D6F3-65E9-49BB-A2C7-ADFBD151377A}.Debug|Any CPU.Build.0 = Debug|Any CPU
		{D0C4D6F3-65E9-49BB-A2C7-ADFBD151377A}.Release|Any CPU.ActiveCfg = Release|Any CPU
		{D0C4D6F3-65E9-49BB-A2C7-ADFBD151377A}.Release|Any CPU.Build.0 = Release|Any CPU
		{D4240344-A463-4D13-A8B7-7BDED3347A24}.Debug|Any CPU.ActiveCfg = Debug|Any CPU
		{D4240344-A463-4D13-A8B7-7BDED3347A24}.Debug|Any CPU.Build.0 = Debug|Any CPU
		{D4240344-A463-4D13-A8B7-7BDED3347A24}.Release|Any CPU.ActiveCfg = Release|Any CPU
		{D4240344-A463-4D13-A8B7-7BDED3347A24}.Release|Any CPU.Build.0 = Release|Any CPU
		{E2440271-701A-4BA9-8EA6-39D58D5AFFC2}.Debug|Any CPU.ActiveCfg = Debug|Any CPU
		{E2440271-701A-4BA9-8EA6-39D58D5AFFC2}.Debug|Any CPU.Build.0 = Debug|Any CPU
		{E2440271-701A-4BA9-8EA6-39D58D5AFFC2}.Release|Any CPU.ActiveCfg = Release|Any CPU
		{E2440271-701A-4BA9-8EA6-39D58D5AFFC2}.Release|Any CPU.Build.0 = Release|Any CPU
		{FBC63D06-FFF0-4AAB-A1D9-054067EB7BB8}.Debug|Any CPU.ActiveCfg = Debug|Any CPU
		{FBC63D06-FFF0-4AAB-A1D9-054067EB7BB8}.Debug|Any CPU.Build.0 = Debug|Any CPU
		{FBC63D06-FFF0-4AAB-A1D9-054067EB7BB8}.Release|Any CPU.ActiveCfg = Release|Any CPU
		{FBC63D06-FFF0-4AAB-A1D9-054067EB7BB8}.Release|Any CPU.Build.0 = Release|Any CPU
		{81CF24C9-B6FA-489A-AE39-2EB8CF451AA7}.Debug|Any CPU.ActiveCfg = Debug|Any CPU
		{81CF24C9-B6FA-489A-AE39-2EB8CF451AA7}.Debug|Any CPU.Build.0 = Debug|Any CPU
		{81CF24C9-B6FA-489A-AE39-2EB8CF451AA7}.Release|Any CPU.ActiveCfg = Release|Any CPU
		{81CF24C9-B6FA-489A-AE39-2EB8CF451AA7}.Release|Any CPU.Build.0 = Release|Any CPU
		{52E4C491-4D19-4371-8F59-F30D32A581FB}.Debug|Any CPU.ActiveCfg = Debug|Any CPU
		{52E4C491-4D19-4371-8F59-F30D32A581FB}.Debug|Any CPU.Build.0 = Debug|Any CPU
		{52E4C491-4D19-4371-8F59-F30D32A581FB}.Release|Any CPU.ActiveCfg = Release|Any CPU
		{52E4C491-4D19-4371-8F59-F30D32A581FB}.Release|Any CPU.Build.0 = Release|Any CPU
		{8B000DA5-0313-49F4-ADB5-6C41FB10739E}.Debug|Any CPU.ActiveCfg = Debug|Any CPU
		{8B000DA5-0313-49F4-ADB5-6C41FB10739E}.Debug|Any CPU.Build.0 = Debug|Any CPU
		{8B000DA5-0313-49F4-ADB5-6C41FB10739E}.Release|Any CPU.ActiveCfg = Release|Any CPU
		{8B000DA5-0313-49F4-ADB5-6C41FB10739E}.Release|Any CPU.Build.0 = Release|Any CPU
		{3D47DA48-FABF-48A6-9C0B-F461A05AB590}.Debug|Any CPU.ActiveCfg = Debug|Any CPU
		{3D47DA48-FABF-48A6-9C0B-F461A05AB590}.Debug|Any CPU.Build.0 = Debug|Any CPU
		{3D47DA48-FABF-48A6-9C0B-F461A05AB590}.Release|Any CPU.ActiveCfg = Release|Any CPU
		{3D47DA48-FABF-48A6-9C0B-F461A05AB590}.Release|Any CPU.Build.0 = Release|Any CPU
		{9E14292B-DC58-4472-8386-0AA58D438B10}.Debug|Any CPU.ActiveCfg = Debug|Any CPU
		{9E14292B-DC58-4472-8386-0AA58D438B10}.Debug|Any CPU.Build.0 = Debug|Any CPU
		{9E14292B-DC58-4472-8386-0AA58D438B10}.Release|Any CPU.ActiveCfg = Release|Any CPU
		{9E14292B-DC58-4472-8386-0AA58D438B10}.Release|Any CPU.Build.0 = Release|Any CPU
		{491A435A-D27E-4286-85C9-3187637BA4BF}.Debug|Any CPU.ActiveCfg = Debug|Any CPU
		{491A435A-D27E-4286-85C9-3187637BA4BF}.Debug|Any CPU.Build.0 = Debug|Any CPU
		{491A435A-D27E-4286-85C9-3187637BA4BF}.Release|Any CPU.ActiveCfg = Release|Any CPU
		{491A435A-D27E-4286-85C9-3187637BA4BF}.Release|Any CPU.Build.0 = Release|Any CPU
		{3EC74789-24B4-4FC4-B94B-BBD198304EED}.Debug|Any CPU.ActiveCfg = Debug|Any CPU
		{3EC74789-24B4-4FC4-B94B-BBD198304EED}.Debug|Any CPU.Build.0 = Debug|Any CPU
		{3EC74789-24B4-4FC4-B94B-BBD198304EED}.Release|Any CPU.ActiveCfg = Release|Any CPU
		{3EC74789-24B4-4FC4-B94B-BBD198304EED}.Release|Any CPU.Build.0 = Release|Any CPU
	EndGlobalSection
	GlobalSection(NestedProjects) = preSolution
		{ED350926-6A15-4819-85C9-AC5F37537188} = {53CE8651-AA23-4AE7-928D-3FF0E0BD465C}
		{DF6A5A8B-B9B7-4CBD-93C1-EE5989B870BF} = {ED350926-6A15-4819-85C9-AC5F37537188}
		{8E2E3779-EF4E-4D9A-84DA-817275883D6A} = {DF6A5A8B-B9B7-4CBD-93C1-EE5989B870BF}
		{921D91A4-C745-4445-A5B6-39D80716FE4E} = {E5E1EFAE-0C95-402C-87E6-B6E96E9C4265}
		{E9DA4072-B037-4D0A-88B6-B300A6FE92B3} = {ED350926-6A15-4819-85C9-AC5F37537188}
		{4286FD23-5671-455A-9D15-FBABB2A925C3} = {E9DA4072-B037-4D0A-88B6-B300A6FE92B3}
		{53A0C32C-3807-4AF1-8A69-F5EE289345B0} = {E9DA4072-B037-4D0A-88B6-B300A6FE92B3}
		{D0C4D6F3-65E9-49BB-A2C7-ADFBD151377A} = {E9DA4072-B037-4D0A-88B6-B300A6FE92B3}
		{01950EAB-E196-43E1-8D5D-CAE4DEA3FF2E} = {ED350926-6A15-4819-85C9-AC5F37537188}
		{5107DEAB-C396-447F-BE94-0C7CA80E5820} = {01950EAB-E196-43E1-8D5D-CAE4DEA3FF2E}
		{D4240344-A463-4D13-A8B7-7BDED3347A24} = {5107DEAB-C396-447F-BE94-0C7CA80E5820}
		{9B5A1367-6141-4AC7-A70C-237F846B14DB} = {01950EAB-E196-43E1-8D5D-CAE4DEA3FF2E}
		{E2440271-701A-4BA9-8EA6-39D58D5AFFC2} = {9B5A1367-6141-4AC7-A70C-237F846B14DB}
		{FBC63D06-FFF0-4AAB-A1D9-054067EB7BB8} = {9B5A1367-6141-4AC7-A70C-237F846B14DB}
		{B3F73C70-3D33-4679-8F86-30F203EA9B74} = {01950EAB-E196-43E1-8D5D-CAE4DEA3FF2E}
		{F6FC678A-8881-474B-98CF-1340FFC105E3} = {B3F73C70-3D33-4679-8F86-30F203EA9B74}
		{81CF24C9-B6FA-489A-AE39-2EB8CF451AA7} = {F6FC678A-8881-474B-98CF-1340FFC105E3}
		{52E4C491-4D19-4371-8F59-F30D32A581FB} = {F6FC678A-8881-474B-98CF-1340FFC105E3}
		{8B000DA5-0313-49F4-ADB5-6C41FB10739E} = {F6FC678A-8881-474B-98CF-1340FFC105E3}
		{160BD499-E7A0-4725-85DF-9A87E010D807} = {B3F73C70-3D33-4679-8F86-30F203EA9B74}
		{3D47DA48-FABF-48A6-9C0B-F461A05AB590} = {160BD499-E7A0-4725-85DF-9A87E010D807}
		{9E14292B-DC58-4472-8386-0AA58D438B10} = {160BD499-E7A0-4725-85DF-9A87E010D807}
		{491A435A-D27E-4286-85C9-3187637BA4BF} = {160BD499-E7A0-4725-85DF-9A87E010D807}
		{3EC74789-24B4-4FC4-B94B-BBD198304EED} = {160BD499-E7A0-4725-85DF-9A87E010D807}
	EndGlobalSection
EndGlobal
