
Microsoft Visual Studio Solution File, Format Version 12.00
# Visual Studio Version 17
VisualStudioVersion = 17.0.31903.59
MinimumVisualStudioVersion = 10.0.40219.1
Project("{2150E333-8FDC-42A3-9474-1A3956D46DE8}") = "src", "src", "{827E0CD3-B72D-47B6-A68D-7590B98EB39B}"
EndProject
Project("{FAE04EC0-301F-11D3-BF4B-00C04F79EFBC}") = "PlayHouse", "src\PlayHouse\PlayHouse.csproj", "{7F02FBE1-B650-416D-A146-9E45351115E9}"
EndProject
Project("{2150E333-8FDC-42A3-9474-1A3956D46DE8}") = "connector", "connector", "{B50FFE52-722A-EC7E-6412-8DBEAD04E11F}"
EndProject
Project("{FAE04EC0-301F-11D3-BF4B-00C04F79EFBC}") = "PlayHouse.Connector", "connector\PlayHouse.Connector\PlayHouse.Connector.csproj", "{E4635BC6-7643-4A49-9CF3-8D13EFB10287}"
EndProject
Project("{2150E333-8FDC-42A3-9474-1A3956D46DE8}") = "tests", "tests", "{0AB3BF05-4346-4AA6-1389-037BE0695223}"
EndProject
Project("{FAE04EC0-301F-11D3-BF4B-00C04F79EFBC}") = "PlayHouse.Tests.Unit", "tests\PlayHouse.Tests.Unit\PlayHouse.Tests.Unit.csproj", "{CA0985AF-46F9-4D0E-B7A1-392E700EA515}"
EndProject
Project("{2150E333-8FDC-42A3-9474-1A3956D46DE8}") = "verification", "verification", "{F2244621-56B7-43DD-BA5C-5ED73AC87155}"
EndProject
Project("{FAE04EC0-301F-11D3-BF4B-00C04F79EFBC}") = "PlayHouse.Verification.Shared", "tests\verification\PlayHouse.Verification.Shared\PlayHouse.Verification.Shared.csproj", "{DAB3BBF8-0A54-44A5-9D6A-8CE8E2D0CCAD}"
EndProject
Project("{FAE04EC0-301F-11D3-BF4B-00C04F79EFBC}") = "PlayHouse.Verification", "tests\verification\PlayHouse.Verification\PlayHouse.Verification.csproj", "{DF2DB2DB-46F9-4F96-B174-5A2E83C88157}"
EndProject
Project("{2150E333-8FDC-42A3-9474-1A3956D46DE8}") = "benchmark", "benchmark", "{50EAAB2B-DA2C-4127-8152-886F6997F024}"
EndProject
Project("{2150E333-8FDC-42A3-9474-1A3956D46DE8}") = "benchmark_cs", "benchmark_cs", "{E7356296-DD14-4441-954C-1CFDBA4EAF2B}"
EndProject
Project("{FAE04EC0-301F-11D3-BF4B-00C04F79EFBC}") = "PlayHouse.Benchmark.Client", "tests\benchmark\benchmark_cs\PlayHouse.Benchmark.Client\PlayHouse.Benchmark.Client.csproj", "{95457ADC-E616-4DC3-A819-B97B03E4D992}"
EndProject
Project("{FAE04EC0-301F-11D3-BF4B-00C04F79EFBC}") = "PlayHouse.Benchmark.Server", "tests\benchmark\benchmark_cs\PlayHouse.Benchmark.Server\PlayHouse.Benchmark.Server.csproj", "{C04A3E8E-00F6-4360-8B3F-AF59169155B8}"
EndProject
Project("{FAE04EC0-301F-11D3-BF4B-00C04F79EFBC}") = "PlayHouse.Benchmark.Shared", "tests\benchmark\benchmark_cs\PlayHouse.Benchmark.Shared\PlayHouse.Benchmark.Shared.csproj", "{54A264C1-2089-43DC-87F3-BC7518805DE0}"
EndProject
Project("{2150E333-8FDC-42A3-9474-1A3956D46DE8}") = "benchmark_ss", "benchmark_ss", "{9AF54839-4133-498A-9378-CBEC294C0AE4}"
EndProject
Project("{FAE04EC0-301F-11D3-BF4B-00C04F79EFBC}") = "PlayHouse.Benchmark.SS.ApiServer", "tests\benchmark\benchmark_ss\PlayHouse.Benchmark.SS.ApiServer\PlayHouse.Benchmark.SS.ApiServer.csproj", "{810B500F-B72C-48BA-9CE9-7C3B698F3FDA}"
EndProject
Project("{FAE04EC0-301F-11D3-BF4B-00C04F79EFBC}") = "PlayHouse.Benchmark.SS.Client", "tests\benchmark\benchmark_ss\PlayHouse.Benchmark.SS.Client\PlayHouse.Benchmark.SS.Client.csproj", "{6DE98A13-0D8D-4551-B6FE-D1D2721579AC}"
EndProject
Project("{FAE04EC0-301F-11D3-BF4B-00C04F79EFBC}") = "PlayHouse.Benchmark.SS.PlayServer", "tests\benchmark\benchmark_ss\PlayHouse.Benchmark.SS.PlayServer\PlayHouse.Benchmark.SS.PlayServer.csproj", "{4167E591-1ADA-409E-944F-4DDAB527E6FD}"
EndProject
Project("{FAE04EC0-301F-11D3-BF4B-00C04F79EFBC}") = "PlayHouse.Benchmark.SS.Shared", "tests\benchmark\benchmark_ss\PlayHouse.Benchmark.SS.Shared\PlayHouse.Benchmark.SS.Shared.csproj", "{85BE77E9-34E9-41D3-A36E-95D3789A8A47}"
EndProject
Global
	GlobalSection(SolutionConfigurationPlatforms) = preSolution
		Debug|Any CPU = Debug|Any CPU
		Debug|x64 = Debug|x64
		Debug|x86 = Debug|x86
		Release|Any CPU = Release|Any CPU
		Release|x64 = Release|x64
		Release|x86 = Release|x86
	EndGlobalSection
	GlobalSection(ProjectConfigurationPlatforms) = postSolution
		{7F02FBE1-B650-416D-A146-9E45351115E9}.Debug|Any CPU.ActiveCfg = Debug|Any CPU
		{7F02FBE1-B650-416D-A146-9E45351115E9}.Debug|Any CPU.Build.0 = Debug|Any CPU
		{7F02FBE1-B650-416D-A146-9E45351115E9}.Debug|x64.ActiveCfg = Debug|Any CPU
		{7F02FBE1-B650-416D-A146-9E45351115E9}.Debug|x64.Build.0 = Debug|Any CPU
		{7F02FBE1-B650-416D-A146-9E45351115E9}.Debug|x86.ActiveCfg = Debug|Any CPU
		{7F02FBE1-B650-416D-A146-9E45351115E9}.Debug|x86.Build.0 = Debug|Any CPU
		{7F02FBE1-B650-416D-A146-9E45351115E9}.Release|Any CPU.ActiveCfg = Release|Any CPU
		{7F02FBE1-B650-416D-A146-9E45351115E9}.Release|Any CPU.Build.0 = Release|Any CPU
		{7F02FBE1-B650-416D-A146-9E45351115E9}.Release|x64.ActiveCfg = Release|Any CPU
		{7F02FBE1-B650-416D-A146-9E45351115E9}.Release|x64.Build.0 = Release|Any CPU
		{7F02FBE1-B650-416D-A146-9E45351115E9}.Release|x86.ActiveCfg = Release|Any CPU
		{7F02FBE1-B650-416D-A146-9E45351115E9}.Release|x86.Build.0 = Release|Any CPU
		{E4635BC6-7643-4A49-9CF3-8D13EFB10287}.Debug|Any CPU.ActiveCfg = Debug|Any CPU
		{E4635BC6-7643-4A49-9CF3-8D13EFB10287}.Debug|Any CPU.Build.0 = Debug|Any CPU
		{E4635BC6-7643-4A49-9CF3-8D13EFB10287}.Debug|x64.ActiveCfg = Debug|Any CPU
		{E4635BC6-7643-4A49-9CF3-8D13EFB10287}.Debug|x64.Build.0 = Debug|Any CPU
		{E4635BC6-7643-4A49-9CF3-8D13EFB10287}.Debug|x86.ActiveCfg = Debug|Any CPU
		{E4635BC6-7643-4A49-9CF3-8D13EFB10287}.Debug|x86.Build.0 = Debug|Any CPU
		{E4635BC6-7643-4A49-9CF3-8D13EFB10287}.Release|Any CPU.ActiveCfg = Release|Any CPU
		{E4635BC6-7643-4A49-9CF3-8D13EFB10287}.Release|Any CPU.Build.0 = Release|Any CPU
		{E4635BC6-7643-4A49-9CF3-8D13EFB10287}.Release|x64.ActiveCfg = Release|Any CPU
		{E4635BC6-7643-4A49-9CF3-8D13EFB10287}.Release|x64.Build.0 = Release|Any CPU
		{E4635BC6-7643-4A49-9CF3-8D13EFB10287}.Release|x86.ActiveCfg = Release|Any CPU
		{E4635BC6-7643-4A49-9CF3-8D13EFB10287}.Release|x86.Build.0 = Release|Any CPU
		{CA0985AF-46F9-4D0E-B7A1-392E700EA515}.Debug|Any CPU.ActiveCfg = Debug|Any CPU
		{CA0985AF-46F9-4D0E-B7A1-392E700EA515}.Debug|Any CPU.Build.0 = Debug|Any CPU
		{CA0985AF-46F9-4D0E-B7A1-392E700EA515}.Debug|x64.ActiveCfg = Debug|Any CPU
		{CA0985AF-46F9-4D0E-B7A1-392E700EA515}.Debug|x64.Build.0 = Debug|Any CPU
		{CA0985AF-46F9-4D0E-B7A1-392E700EA515}.Debug|x86.ActiveCfg = Debug|Any CPU
		{CA0985AF-46F9-4D0E-B7A1-392E700EA515}.Debug|x86.Build.0 = Debug|Any CPU
		{CA0985AF-46F9-4D0E-B7A1-392E700EA515}.Release|Any CPU.ActiveCfg = Release|Any CPU
		{CA0985AF-46F9-4D0E-B7A1-392E700EA515}.Release|Any CPU.Build.0 = Release|Any CPU
		{CA0985AF-46F9-4D0E-B7A1-392E700EA515}.Release|x64.ActiveCfg = Release|Any CPU
		{CA0985AF-46F9-4D0E-B7A1-392E700EA515}.Release|x64.Build.0 = Release|Any CPU
		{CA0985AF-46F9-4D0E-B7A1-392E700EA515}.Release|x86.ActiveCfg = Release|Any CPU
		{CA0985AF-46F9-4D0E-B7A1-392E700EA515}.Release|x86.Build.0 = Release|Any CPU
		{DAB3BBF8-0A54-44A5-9D6A-8CE8E2D0CCAD}.Debug|Any CPU.ActiveCfg = Debug|Any CPU
		{DAB3BBF8-0A54-44A5-9D6A-8CE8E2D0CCAD}.Debug|Any CPU.Build.0 = Debug|Any CPU
		{DAB3BBF8-0A54-44A5-9D6A-8CE8E2D0CCAD}.Debug|x64.ActiveCfg = Debug|Any CPU
		{DAB3BBF8-0A54-44A5-9D6A-8CE8E2D0CCAD}.Debug|x64.Build.0 = Debug|Any CPU
		{DAB3BBF8-0A54-44A5-9D6A-8CE8E2D0CCAD}.Debug|x86.ActiveCfg = Debug|Any CPU
		{DAB3BBF8-0A54-44A5-9D6A-8CE8E2D0CCAD}.Debug|x86.Build.0 = Debug|Any CPU
		{DAB3BBF8-0A54-44A5-9D6A-8CE8E2D0CCAD}.Release|Any CPU.ActiveCfg = Release|Any CPU
		{DAB3BBF8-0A54-44A5-9D6A-8CE8E2D0CCAD}.Release|Any CPU.Build.0 = Release|Any CPU
		{DAB3BBF8-0A54-44A5-9D6A-8CE8E2D0CCAD}.Release|x64.ActiveCfg = Release|Any CPU
		{DAB3BBF8-0A54-44A5-9D6A-8CE8E2D0CCAD}.Release|x64.Build.0 = Release|Any CPU
		{DAB3BBF8-0A54-44A5-9D6A-8CE8E2D0CCAD}.Release|x86.ActiveCfg = Release|Any CPU
		{DAB3BBF8-0A54-44A5-9D6A-8CE8E2D0CCAD}.Release|x86.Build.0 = Release|Any CPU
		{DF2DB2DB-46F9-4F96-B174-5A2E83C88157}.Debug|Any CPU.ActiveCfg = Debug|Any CPU
		{DF2DB2DB-46F9-4F96-B174-5A2E83C88157}.Debug|Any CPU.Build.0 = Debug|Any CPU
		{DF2DB2DB-46F9-4F96-B174-5A2E83C88157}.Debug|x64.ActiveCfg = Debug|Any CPU
		{DF2DB2DB-46F9-4F96-B174-5A2E83C88157}.Debug|x64.Build.0 = Debug|Any CPU
		{DF2DB2DB-46F9-4F96-B174-5A2E83C88157}.Debug|x86.ActiveCfg = Debug|Any CPU
		{DF2DB2DB-46F9-4F96-B174-5A2E83C88157}.Debug|x86.Build.0 = Debug|Any CPU
		{DF2DB2DB-46F9-4F96-B174-5A2E83C88157}.Release|Any CPU.ActiveCfg = Release|Any CPU
		{DF2DB2DB-46F9-4F96-B174-5A2E83C88157}.Release|Any CPU.Build.0 = Release|Any CPU
		{DF2DB2DB-46F9-4F96-B174-5A2E83C88157}.Release|x64.ActiveCfg = Release|Any CPU
		{DF2DB2DB-46F9-4F96-B174-5A2E83C88157}.Release|x64.Build.0 = Release|Any CPU
		{DF2DB2DB-46F9-4F96-B174-5A2E83C88157}.Release|x86.ActiveCfg = Release|Any CPU
		{DF2DB2DB-46F9-4F96-B174-5A2E83C88157}.Release|x86.Build.0 = Release|Any CPU
		{95457ADC-E616-4DC3-A819-B97B03E4D992}.Debug|Any CPU.ActiveCfg = Debug|Any CPU
		{95457ADC-E616-4DC3-A819-B97B03E4D992}.Debug|Any CPU.Build.0 = Debug|Any CPU
		{95457ADC-E616-4DC3-A819-B97B03E4D992}.Debug|x64.ActiveCfg = Debug|Any CPU
		{95457ADC-E616-4DC3-A819-B97B03E4D992}.Debug|x64.Build.0 = Debug|Any CPU
		{95457ADC-E616-4DC3-A819-B97B03E4D992}.Debug|x86.ActiveCfg = Debug|Any CPU
		{95457ADC-E616-4DC3-A819-B97B03E4D992}.Debug|x86.Build.0 = Debug|Any CPU
		{95457ADC-E616-4DC3-A819-B97B03E4D992}.Release|Any CPU.ActiveCfg = Release|Any CPU
		{95457ADC-E616-4DC3-A819-B97B03E4D992}.Release|Any CPU.Build.0 = Release|Any CPU
		{95457ADC-E616-4DC3-A819-B97B03E4D992}.Release|x64.ActiveCfg = Release|Any CPU
		{95457ADC-E616-4DC3-A819-B97B03E4D992}.Release|x64.Build.0 = Release|Any CPU
		{95457ADC-E616-4DC3-A819-B97B03E4D992}.Release|x86.ActiveCfg = Release|Any CPU
		{95457ADC-E616-4DC3-A819-B97B03E4D992}.Release|x86.Build.0 = Release|Any CPU
		{C04A3E8E-00F6-4360-8B3F-AF59169155B8}.Debug|Any CPU.ActiveCfg = Debug|Any CPU
		{C04A3E8E-00F6-4360-8B3F-AF59169155B8}.Debug|Any CPU.Build.0 = Debug|Any CPU
		{C04A3E8E-00F6-4360-8B3F-AF59169155B8}.Debug|x64.ActiveCfg = Debug|Any CPU
		{C04A3E8E-00F6-4360-8B3F-AF59169155B8}.Debug|x64.Build.0 = Debug|Any CPU
		{C04A3E8E-00F6-4360-8B3F-AF59169155B8}.Debug|x86.ActiveCfg = Debug|Any CPU
		{C04A3E8E-00F6-4360-8B3F-AF59169155B8}.Debug|x86.Build.0 = Debug|Any CPU
		{C04A3E8E-00F6-4360-8B3F-AF59169155B8}.Release|Any CPU.ActiveCfg = Release|Any CPU
		{C04A3E8E-00F6-4360-8B3F-AF59169155B8}.Release|Any CPU.Build.0 = Release|Any CPU
		{C04A3E8E-00F6-4360-8B3F-AF59169155B8}.Release|x64.ActiveCfg = Release|Any CPU
		{C04A3E8E-00F6-4360-8B3F-AF59169155B8}.Release|x64.Build.0 = Release|Any CPU
		{C04A3E8E-00F6-4360-8B3F-AF59169155B8}.Release|x86.ActiveCfg = Release|Any CPU
		{C04A3E8E-00F6-4360-8B3F-AF59169155B8}.Release|x86.Build.0 = Release|Any CPU
		{54A264C1-2089-43DC-87F3-BC7518805DE0}.Debug|Any CPU.ActiveCfg = Debug|Any CPU
		{54A264C1-2089-43DC-87F3-BC7518805DE0}.Debug|Any CPU.Build.0 = Debug|Any CPU
		{54A264C1-2089-43DC-87F3-BC7518805DE0}.Debug|x64.ActiveCfg = Debug|Any CPU
		{54A264C1-2089-43DC-87F3-BC7518805DE0}.Debug|x64.Build.0 = Debug|Any CPU
		{54A264C1-2089-43DC-87F3-BC7518805DE0}.Debug|x86.ActiveCfg = Debug|Any CPU
		{54A264C1-2089-43DC-87F3-BC7518805DE0}.Debug|x86.Build.0 = Debug|Any CPU
		{54A264C1-2089-43DC-87F3-BC7518805DE0}.Release|Any CPU.ActiveCfg = Release|Any CPU
		{54A264C1-2089-43DC-87F3-BC7518805DE0}.Release|Any CPU.Build.0 = Release|Any CPU
		{54A264C1-2089-43DC-87F3-BC7518805DE0}.Release|x64.ActiveCfg = Release|Any CPU
		{54A264C1-2089-43DC-87F3-BC7518805DE0}.Release|x64.Build.0 = Release|Any CPU
		{54A264C1-2089-43DC-87F3-BC7518805DE0}.Release|x86.ActiveCfg = Release|Any CPU
		{54A264C1-2089-43DC-87F3-BC7518805DE0}.Release|x86.Build.0 = Release|Any CPU
		{810B500F-B72C-48BA-9CE9-7C3B698F3FDA}.Debug|Any CPU.ActiveCfg = Debug|Any CPU
		{810B500F-B72C-48BA-9CE9-7C3B698F3FDA}.Debug|Any CPU.Build.0 = Debug|Any CPU
		{810B500F-B72C-48BA-9CE9-7C3B698F3FDA}.Debug|x64.ActiveCfg = Debug|Any CPU
		{810B500F-B72C-48BA-9CE9-7C3B698F3FDA}.Debug|x64.Build.0 = Debug|Any CPU
		{810B500F-B72C-48BA-9CE9-7C3B698F3FDA}.Debug|x86.ActiveCfg = Debug|Any CPU
		{810B500F-B72C-48BA-9CE9-7C3B698F3FDA}.Debug|x86.Build.0 = Debug|Any CPU
		{810B500F-B72C-48BA-9CE9-7C3B698F3FDA}.Release|Any CPU.ActiveCfg = Release|Any CPU
		{810B500F-B72C-48BA-9CE9-7C3B698F3FDA}.Release|Any CPU.Build.0 = Release|Any CPU
		{810B500F-B72C-48BA-9CE9-7C3B698F3FDA}.Release|x64.ActiveCfg = Release|Any CPU
		{810B500F-B72C-48BA-9CE9-7C3B698F3FDA}.Release|x64.Build.0 = Release|Any CPU
		{810B500F-B72C-48BA-9CE9-7C3B698F3FDA}.Release|x86.ActiveCfg = Release|Any CPU
		{810B500F-B72C-48BA-9CE9-7C3B698F3FDA}.Release|x86.Build.0 = Release|Any CPU
		{6DE98A13-0D8D-4551-B6FE-D1D2721579AC}.Debug|Any CPU.ActiveCfg = Debug|Any CPU
		{6DE98A13-0D8D-4551-B6FE-D1D2721579AC}.Debug|Any CPU.Build.0 = Debug|Any CPU
		{6DE98A13-0D8D-4551-B6FE-D1D2721579AC}.Debug|x64.ActiveCfg = Debug|Any CPU
		{6DE98A13-0D8D-4551-B6FE-D1D2721579AC}.Debug|x64.Build.0 = Debug|Any CPU
		{6DE98A13-0D8D-4551-B6FE-D1D2721579AC}.Debug|x86.ActiveCfg = Debug|Any CPU
		{6DE98A13-0D8D-4551-B6FE-D1D2721579AC}.Debug|x86.Build.0 = Debug|Any CPU
		{6DE98A13-0D8D-4551-B6FE-D1D2721579AC}.Release|Any CPU.ActiveCfg = Release|Any CPU
		{6DE98A13-0D8D-4551-B6FE-D1D2721579AC}.Release|Any CPU.Build.0 = Release|Any CPU
		{6DE98A13-0D8D-4551-B6FE-D1D2721579AC}.Release|x64.ActiveCfg = Release|Any CPU
		{6DE98A13-0D8D-4551-B6FE-D1D2721579AC}.Release|x64.Build.0 = Release|Any CPU
		{6DE98A13-0D8D-4551-B6FE-D1D2721579AC}.Release|x86.ActiveCfg = Release|Any CPU
		{6DE98A13-0D8D-4551-B6FE-D1D2721579AC}.Release|x86.Build.0 = Release|Any CPU
		{4167E591-1ADA-409E-944F-4DDAB527E6FD}.Debug|Any CPU.ActiveCfg = Debug|Any CPU
		{4167E591-1ADA-409E-944F-4DDAB527E6FD}.Debug|Any CPU.Build.0 = Debug|Any CPU
		{4167E591-1ADA-409E-944F-4DDAB527E6FD}.Debug|x64.ActiveCfg = Debug|Any CPU
		{4167E591-1ADA-409E-944F-4DDAB527E6FD}.Debug|x64.Build.0 = Debug|Any CPU
		{4167E591-1ADA-409E-944F-4DDAB527E6FD}.Debug|x86.ActiveCfg = Debug|Any CPU
		{4167E591-1ADA-409E-944F-4DDAB527E6FD}.Debug|x86.Build.0 = Debug|Any CPU
		{4167E591-1ADA-409E-944F-4DDAB527E6FD}.Release|Any CPU.ActiveCfg = Release|Any CPU
		{4167E591-1ADA-409E-944F-4DDAB527E6FD}.Release|Any CPU.Build.0 = Release|Any CPU
		{4167E591-1ADA-409E-944F-4DDAB527E6FD}.Release|x64.ActiveCfg = Release|Any CPU
		{4167E591-1ADA-409E-944F-4DDAB527E6FD}.Release|x64.Build.0 = Release|Any CPU
		{4167E591-1ADA-409E-944F-4DDAB527E6FD}.Release|x86.ActiveCfg = Release|Any CPU
		{4167E591-1ADA-409E-944F-4DDAB527E6FD}.Release|x86.Build.0 = Release|Any CPU
		{85BE77E9-34E9-41D3-A36E-95D3789A8A47}.Debug|Any CPU.ActiveCfg = Debug|Any CPU
		{85BE77E9-34E9-41D3-A36E-95D3789A8A47}.Debug|Any CPU.Build.0 = Debug|Any CPU
		{85BE77E9-34E9-41D3-A36E-95D3789A8A47}.Debug|x64.ActiveCfg = Debug|Any CPU
		{85BE77E9-34E9-41D3-A36E-95D3789A8A47}.Debug|x64.Build.0 = Debug|Any CPU
		{85BE77E9-34E9-41D3-A36E-95D3789A8A47}.Debug|x86.ActiveCfg = Debug|Any CPU
		{85BE77E9-34E9-41D3-A36E-95D3789A8A47}.Debug|x86.Build.0 = Debug|Any CPU
		{85BE77E9-34E9-41D3-A36E-95D3789A8A47}.Release|Any CPU.ActiveCfg = Release|Any CPU
		{85BE77E9-34E9-41D3-A36E-95D3789A8A47}.Release|Any CPU.Build.0 = Release|Any CPU
		{85BE77E9-34E9-41D3-A36E-95D3789A8A47}.Release|x64.ActiveCfg = Release|Any CPU
		{85BE77E9-34E9-41D3-A36E-95D3789A8A47}.Release|x64.Build.0 = Release|Any CPU
		{85BE77E9-34E9-41D3-A36E-95D3789A8A47}.Release|x86.ActiveCfg = Release|Any CPU
		{85BE77E9-34E9-41D3-A36E-95D3789A8A47}.Release|x86.Build.0 = Release|Any CPU
	EndGlobalSection
	GlobalSection(SolutionProperties) = preSolution
		HideSolutionNode = FALSE
	EndGlobalSection
	GlobalSection(NestedProjects) = preSolution
		{7F02FBE1-B650-416D-A146-9E45351115E9} = {827E0CD3-B72D-47B6-A68D-7590B98EB39B}
		{E4635BC6-7643-4A49-9CF3-8D13EFB10287} = {B50FFE52-722A-EC7E-6412-8DBEAD04E11F}
		{CA0985AF-46F9-4D0E-B7A1-392E700EA515} = {0AB3BF05-4346-4AA6-1389-037BE0695223}
		{F2244621-56B7-43DD-BA5C-5ED73AC87155} = {0AB3BF05-4346-4AA6-1389-037BE0695223}
		{DAB3BBF8-0A54-44A5-9D6A-8CE8E2D0CCAD} = {F2244621-56B7-43DD-BA5C-5ED73AC87155}
		{DF2DB2DB-46F9-4F96-B174-5A2E83C88157} = {F2244621-56B7-43DD-BA5C-5ED73AC87155}
		{50EAAB2B-DA2C-4127-8152-886F6997F024} = {0AB3BF05-4346-4AA6-1389-037BE0695223}
		{E7356296-DD14-4441-954C-1CFDBA4EAF2B} = {50EAAB2B-DA2C-4127-8152-886F6997F024}
		{95457ADC-E616-4DC3-A819-B97B03E4D992} = {E7356296-DD14-4441-954C-1CFDBA4EAF2B}
		{C04A3E8E-00F6-4360-8B3F-AF59169155B8} = {E7356296-DD14-4441-954C-1CFDBA4EAF2B}
		{54A264C1-2089-43DC-87F3-BC7518805DE0} = {E7356296-DD14-4441-954C-1CFDBA4EAF2B}
		{9AF54839-4133-498A-9378-CBEC294C0AE4} = {50EAAB2B-DA2C-4127-8152-886F6997F024}
		{810B500F-B72C-48BA-9CE9-7C3B698F3FDA} = {9AF54839-4133-498A-9378-CBEC294C0AE4}
		{6DE98A13-0D8D-4551-B6FE-D1D2721579AC} = {9AF54839-4133-498A-9378-CBEC294C0AE4}
		{4167E591-1ADA-409E-944F-4DDAB527E6FD} = {9AF54839-4133-498A-9378-CBEC294C0AE4}
		{85BE77E9-34E9-41D3-A36E-95D3789A8A47} = {9AF54839-4133-498A-9378-CBEC294C0AE4}
	EndGlobalSection
EndGlobal
